// !$*UTF8*$!
{
	archiveVersion = 1;
	classes = {
	};
	objectVersion = 56;
	objects = {

/* Begin PBXBuildFile section */
		8C0891BE2BA3EAD7005AA666 /* RatingView.swift in Sources */ = {isa = PBXBuildFile; fileRef = 8C0891BD2BA3EAD7005AA666 /* RatingView.swift */; };
		8C0891C02BA3F4E0005AA666 /* EmojiRatingView.swift in Sources */ = {isa = PBXBuildFile; fileRef = 8C0891BF2BA3F4E0005AA666 /* EmojiRatingView.swift */; };
		8C88CBEE2BA50154008D5BA7 /* DetailView.swift in Sources */ = {isa = PBXBuildFile; fileRef = 8C88CBED2BA50154008D5BA7 /* DetailView.swift */; };
		8CCB08B92BA3A49C00A7921B /* BookWormsApp.swift in Sources */ = {isa = PBXBuildFile; fileRef = 8CCB08B82BA3A49C00A7921B /* BookWormsApp.swift */; };
		8CCB08BB2BA3A49C00A7921B /* ContentView.swift in Sources */ = {isa = PBXBuildFile; fileRef = 8CCB08BA2BA3A49C00A7921B /* ContentView.swift */; };
		8CCB08BD2BA3A49F00A7921B /* Assets.xcassets in Resources */ = {isa = PBXBuildFile; fileRef = 8CCB08BC2BA3A49F00A7921B /* Assets.xcassets */; };
		8CCB08C02BA3A49F00A7921B /* Preview Assets.xcassets in Resources */ = {isa = PBXBuildFile; fileRef = 8CCB08BF2BA3A49F00A7921B /* Preview Assets.xcassets */; };
		8CCB08C72BA3A63300A7921B /* Book.swift in Sources */ = {isa = PBXBuildFile; fileRef = 8CCB08C62BA3A63300A7921B /* Book.swift */; };
		8CCB08C92BA3A6A100A7921B /* AddBookView.swift in Sources */ = {isa = PBXBuildFile; fileRef = 8CCB08C82BA3A6A100A7921B /* AddBookView.swift */; };
/* End PBXBuildFile section */

/* Begin PBXFileReference section */
		8C0891BD2BA3EAD7005AA666 /* RatingView.swift */ = {isa = PBXFileReference; lastKnownFileType = sourcecode.swift; path = RatingView.swift; sourceTree = "<group>"; };
		8C0891BF2BA3F4E0005AA666 /* EmojiRatingView.swift */ = {isa = PBXFileReference; lastKnownFileType = sourcecode.swift; path = EmojiRatingView.swift; sourceTree = "<group>"; };
		8C88CBED2BA50154008D5BA7 /* DetailView.swift */ = {isa = PBXFileReference; lastKnownFileType = sourcecode.swift; path = DetailView.swift; sourceTree = "<group>"; };
		8CCB08B52BA3A49C00A7921B /* BookWorms.app */ = {isa = PBXFileReference; explicitFileType = wrapper.application; includeInIndex = 0; path = BookWorms.app; sourceTree = BUILT_PRODUCTS_DIR; };
		8CCB08B82BA3A49C00A7921B /* BookWormsApp.swift */ = {isa = PBXFileReference; lastKnownFileType = sourcecode.swift; path = BookWormsApp.swift; sourceTree = "<group>"; };
		8CCB08BA2BA3A49C00A7921B /* ContentView.swift */ = {isa = PBXFileReference; lastKnownFileType = sourcecode.swift; path = ContentView.swift; sourceTree = "<group>"; };
		8CCB08BC2BA3A49F00A7921B /* Assets.xcassets */ = {isa = PBXFileReference; lastKnownFileType = folder.assetcatalog; path = Assets.xcassets; sourceTree = "<group>"; };
		8CCB08BF2BA3A49F00A7921B /* Preview Assets.xcassets */ = {isa = PBXFileReference; lastKnownFileType = folder.assetcatalog; path = "Preview Assets.xcassets"; sourceTree = "<group>"; };
		8CCB08C62BA3A63300A7921B /* Book.swift */ = {isa = PBXFileReference; lastKnownFileType = sourcecode.swift; path = Book.swift; sourceTree = "<group>"; };
		8CCB08C82BA3A6A100A7921B /* AddBookView.swift */ = {isa = PBXFileReference; lastKnownFileType = sourcecode.swift; path = AddBookView.swift; sourceTree = "<group>"; };
/* End PBXFileReference section */

/* Begin PBXFrameworksBuildPhase section */
		8CCB08B22BA3A49C00A7921B /* Frameworks */ = {
			isa = PBXFrameworksBuildPhase;
			buildActionMask = 2147483647;
			files = (
			);
			runOnlyForDeploymentPostprocessing = 0;
		};
/* End PBXFrameworksBuildPhase section */

/* Begin PBXGroup section */
		8CCB08AC2BA3A49C00A7921B = {
			isa = PBXGroup;
			children = (
				8C0891BF2BA3F4E0005AA666 /* EmojiRatingView.swift */,
				8C0891BD2BA3EAD7005AA666 /* RatingView.swift */,
				8C88CBED2BA50154008D5BA7 /* DetailView.swift */,
				8CCB08B72BA3A49C00A7921B /* BookWorms */,
				8CCB08B62BA3A49C00A7921B /* Products */,
			);
			sourceTree = "<group>";
		};
		8CCB08B62BA3A49C00A7921B /* Products */ = {
			isa = PBXGroup;
			children = (
				8CCB08B52BA3A49C00A7921B /* BookWorms.app */,
			);
			name = Products;
			sourceTree = "<group>";
		};
		8CCB08B72BA3A49C00A7921B /* BookWorms */ = {
			isa = PBXGroup;
			children = (
				8CCB08B82BA3A49C00A7921B /* BookWormsApp.swift */,
				8CCB08BA2BA3A49C00A7921B /* ContentView.swift */,
				8CCB08C62BA3A63300A7921B /* Book.swift */,
				8CCB08C82BA3A6A100A7921B /* AddBookView.swift */,
				8CCB08BC2BA3A49F00A7921B /* Assets.xcassets */,
				8CCB08BE2BA3A49F00A7921B /* Preview Content */,
			);
			path = BookWorms;
			sourceTree = "<group>";
		};
		8CCB08BE2BA3A49F00A7921B /* Preview Content */ = {
			isa = PBXGroup;
			children = (
				8CCB08BF2BA3A49F00A7921B /* Preview Assets.xcassets */,
			);
			path = "Preview Content";
			sourceTree = "<group>";
		};
/* End PBXGroup section */

/* Begin PBXNativeTarget section */
		8CCB08B42BA3A49C00A7921B /* BookWorms */ = {
			isa = PBXNativeTarget;
			buildConfigurationList = 8CCB08C32BA3A49F00A7921B /* Build configuration list for PBXNativeTarget "BookWorms" */;
			buildPhases = (
				8CCB08B12BA3A49C00A7921B /* Sources */,
				8CCB08B22BA3A49C00A7921B /* Frameworks */,
				8CCB08B32BA3A49C00A7921B /* Resources */,
			);
			buildRules = (
			);
			dependencies = (
			);
			name = BookWorms;
			productName = BookWorms;
			productReference = 8CCB08B52BA3A49C00A7921B /* BookWorms.app */;
			productType = "com.apple.product-type.application";
		};
/* End PBXNativeTarget section */

/* Begin PBXProject section */
		8CCB08AD2BA3A49C00A7921B /* Project object */ = {
			isa = PBXProject;
			attributes = {
				BuildIndependentTargetsInParallel = 1;
				LastSwiftUpdateCheck = 1530;
				LastUpgradeCheck = 1530;
				TargetAttributes = {
					8CCB08B42BA3A49C00A7921B = {
						CreatedOnToolsVersion = 15.3;
					};
				};
			};
			buildConfigurationList = 8CCB08B02BA3A49C00A7921B /* Build configuration list for PBXProject "BookWorms" */;
			compatibilityVersion = "Xcode 14.0";
			developmentRegion = en;
			hasScannedForEncodings = 0;
			knownRegions = (
				en,
				Base,
			);
			mainGroup = 8CCB08AC2BA3A49C00A7921B;
			productRefGroup = 8CCB08B62BA3A49C00A7921B /* Products */;
			projectDirPath = "";
			projectRoot = "";
			targets = (
				8CCB08B42BA3A49C00A7921B /* BookWorms */,
			);
		};
/* End PBXProject section */

/* Begin PBXResourcesBuildPhase section */
		8CCB08B32BA3A49C00A7921B /* Resources */ = {
			isa = PBXResourcesBuildPhase;
			buildActionMask = 2147483647;
			files = (
				8CCB08C02BA3A49F00A7921B /* Preview Assets.xcassets in Resources */,
				8CCB08BD2BA3A49F00A7921B /* Assets.xcassets in Resources */,
			);
			runOnlyForDeploymentPostprocessing = 0;
		};
/* End PBXResourcesBuildPhase section */

/* Begin PBXSourcesBuildPhase section */
		8CCB08B12BA3A49C00A7921B /* Sources */ = {
			isa = PBXSourcesBuildPhase;
			buildActionMask = 2147483647;
			files = (
				8CCB08BB2BA3A49C00A7921B /* ContentView.swift in Sources */,
				8CCB08B92BA3A49C00A7921B /* BookWormsApp.swift in Sources */,
				8CCB08C72BA3A63300A7921B /* Book.swift in Sources */,
				8C88CBEE2BA50154008D5BA7 /* DetailView.swift in Sources */,
				8C0891BE2BA3EAD7005AA666 /* RatingView.swift in Sources */,
				8C0891C02BA3F4E0005AA666 /* EmojiRatingView.swift in Sources */,
				8CCB08C92BA3A6A100A7921B /* AddBookView.swift in Sources */,
			);
			runOnlyForDeploymentPostprocessing = 0;
		};
/* End PBXSourcesBuildPhase section */

/* Begin XCBuildConfiguration section */
		8CCB08C12BA3A49F00A7921B /* Debug */ = {
			isa = XCBuildConfiguration;
			buildSettings = {
				ALWAYS_SEARCH_USER_PATHS = NO;
				ASSETCATALOG_COMPILER_GENERATE_SWIFT_ASSET_SYMBOL_EXTENSIONS = YES;
				CLANG_ANALYZER_NONNULL = YES;
				CLANG_ANALYZER_NUMBER_OBJECT_CONVERSION = YES_AGGRESSIVE;
				CLANG_CXX_LANGUAGE_STANDARD = "gnu++20";
				CLANG_ENABLE_MODULES = YES;
				CLANG_ENABLE_OBJC_ARC = YES;
				CLANG_ENABLE_OBJC_WEAK = YES;
				CLANG_WARN_BLOCK_CAPTURE_AUTORELEASING = YES;
				CLANG_WARN_BOOL_CONVERSION = YES;
				CLANG_WARN_COMMA = YES;
				CLANG_WARN_CONSTANT_CONVERSION = YES;
				CLANG_WARN_DEPRECATED_OBJC_IMPLEMENTATIONS = YES;
				CLANG_WARN_DIRECT_OBJC_ISA_USAGE = YES_ERROR;
				CLANG_WARN_DOCUMENTATION_COMMENTS = YES;
				CLANG_WARN_EMPTY_BODY = YES;
				CLANG_WARN_ENUM_CONVERSION = YES;
				CLANG_WARN_INFINITE_RECURSION = YES;
				CLANG_WARN_INT_CONVERSION = YES;
				CLANG_WARN_NON_LITERAL_NULL_CONVERSION = YES;
				CLANG_WARN_OBJC_IMPLICIT_RETAIN_SELF = YES;
				CLANG_WARN_OBJC_LITERAL_CONVERSION = YES;
				CLANG_WARN_OBJC_ROOT_CLASS = YES_ERROR;
				CLANG_WARN_QUOTED_INCLUDE_IN_FRAMEWORK_HEADER = YES;
				CLANG_WARN_RANGE_LOOP_ANALYSIS = YES;
				CLANG_WARN_STRICT_PROTOTYPES = YES;
				CLANG_WARN_SUSPICIOUS_MOVE = YES;
				CLANG_WARN_UNGUARDED_AVAILABILITY = YES_AGGRESSIVE;
				CLANG_WARN_UNREACHABLE_CODE = YES;
				CLANG_WARN__DUPLICATE_METHOD_MATCH = YES;
				COPY_PHASE_STRIP = NO;
				DEBUG_INFORMATION_FORMAT = dwarf;
				ENABLE_STRICT_OBJC_MSGSEND = YES;
				ENABLE_TESTABILITY = YES;
				ENABLE_USER_SCRIPT_SANDBOXING = YES;
				GCC_C_LANGUAGE_STANDARD = gnu17;
				GCC_DYNAMIC_NO_PIC = NO;
				GCC_NO_COMMON_BLOCKS = YES;
				GCC_OPTIMIZATION_LEVEL = 0;
				GCC_PREPROCESSOR_DEFINITIONS = (
					"DEBUG=1",
					"$(inherited)",
				);
				GCC_WARN_64_TO_32_BIT_CONVERSION = YES;
				GCC_WARN_ABOUT_RETURN_TYPE = YES_ERROR;
				GCC_WARN_UNDECLARED_SELECTOR = YES;
				GCC_WARN_UNINITIALIZED_AUTOS = YES_AGGRESSIVE;
				GCC_WARN_UNUSED_FUNCTION = YES;
				GCC_WARN_UNUSED_VARIABLE = YES;
				IPHONEOS_DEPLOYMENT_TARGET = 17.4;
				LOCALIZATION_PREFERS_STRING_CATALOGS = YES;
				MTL_ENABLE_DEBUG_INFO = INCLUDE_SOURCE;
				MTL_FAST_MATH = YES;
				ONLY_ACTIVE_ARCH = YES;
				SDKROOT = iphoneos;
				SWIFT_ACTIVE_COMPILATION_CONDITIONS = "DEBUG $(inherited)";
				SWIFT_OPTIMIZATION_LEVEL = "-Onone";
			};
			name = Debug;
		};
		8CCB08C22BA3A49F00A7921B /* Release */ = {
			isa = XCBuildConfiguration;
			buildSettings = {
				ALWAYS_SEARCH_USER_PATHS = NO;
				ASSETCATALOG_COMPILER_GENERATE_SWIFT_ASSET_SYMBOL_EXTENSIONS = YES;
				CLANG_ANALYZER_NONNULL = YES;
				CLANG_ANALYZER_NUMBER_OBJECT_CONVERSION = YES_AGGRESSIVE;
				CLANG_CXX_LANGUAGE_STANDARD = "gnu++20";
				CLANG_ENABLE_MODULES = YES;
				CLANG_ENABLE_OBJC_ARC = YES;
				CLANG_ENABLE_OBJC_WEAK = YES;
				CLANG_WARN_BLOCK_CAPTURE_AUTORELEASING = YES;
				CLANG_WARN_BOOL_CONVERSION = YES;
				CLANG_WARN_COMMA = YES;
				CLANG_WARN_CONSTANT_CONVERSION = YES;
				CLANG_WARN_DEPRECATED_OBJC_IMPLEMENTATIONS = YES;
				CLANG_WARN_DIRECT_OBJC_ISA_USAGE = YES_ERROR;
				CLANG_WARN_DOCUMENTATION_COMMENTS = YES;
				CLANG_WARN_EMPTY_BODY = YES;
				CLANG_WARN_ENUM_CONVERSION = YES;
				CLANG_WARN_INFINITE_RECURSION = YES;
				CLANG_WARN_INT_CONVERSION = YES;
				CLANG_WARN_NON_LITERAL_NULL_CONVERSION = YES;
				CLANG_WARN_OBJC_IMPLICIT_RETAIN_SELF = YES;
				CLANG_WARN_OBJC_LITERAL_CONVERSION = YES;
				CLANG_WARN_OBJC_ROOT_CLASS = YES_ERROR;
				CLANG_WARN_QUOTED_INCLUDE_IN_FRAMEWORK_HEADER = YES;
				CLANG_WARN_RANGE_LOOP_ANALYSIS = YES;
				CLANG_WARN_STRICT_PROTOTYPES = YES;
				CLANG_WARN_SUSPICIOUS_MOVE = YES;
				CLANG_WARN_UNGUARDED_AVAILABILITY = YES_AGGRESSIVE;
				CLANG_WARN_UNREACHABLE_CODE = YES;
				CLANG_WARN__DUPLICATE_METHOD_MATCH = YES;
				COPY_PHASE_STRIP = NO;
				DEBUG_INFORMATION_FORMAT = "dwarf-with-dsym";
				ENABLE_NS_ASSERTIONS = NO;
				ENABLE_STRICT_OBJC_MSGSEND = YES;
				ENABLE_USER_SCRIPT_SANDBOXING = YES;
				GCC_C_LANGUAGE_STANDARD = gnu17;
				GCC_NO_COMMON_BLOCKS = YES;
				GCC_WARN_64_TO_32_BIT_CONVERSION = YES;
				GCC_WARN_ABOUT_RETURN_TYPE = YES_ERROR;
				GCC_WARN_UNDECLARED_SELECTOR = YES;
				GCC_WARN_UNINITIALIZED_AUTOS = YES_AGGRESSIVE;
				GCC_WARN_UNUSED_FUNCTION = YES;
				GCC_WARN_UNUSED_VARIABLE = YES;
				IPHONEOS_DEPLOYMENT_TARGET = 17.4;
				LOCALIZATION_PREFERS_STRING_CATALOGS = YES;
				MTL_ENABLE_DEBUG_INFO = NO;
				MTL_FAST_MATH = YES;
				SDKROOT = iphoneos;
				SWIFT_COMPILATION_MODE = wholemodule;
				VALIDATE_PRODUCT = YES;
			};
			name = Release;
		};
		8CCB08C42BA3A49F00A7921B /* Debug */ = {
			isa = XCBuildConfiguration;
			buildSettings = {
				ASSETCATALOG_COMPILER_APPICON_NAME = AppIcon;
				ASSETCATALOG_COMPILER_GLOBAL_ACCENT_COLOR_NAME = AccentColor;
				CODE_SIGN_STYLE = Automatic;
				CURRENT_PROJECT_VERSION = 1;
				DEVELOPMENT_ASSET_PATHS = "\"BookWorms/Preview Content\"";
				DEVELOPMENT_TEAM = 8PKHC34MY2;
				ENABLE_PREVIEWS = YES;
				GENERATE_INFOPLIST_FILE = YES;
				INFOPLIST_KEY_UIApplicationSceneManifest_Generation = YES;
				INFOPLIST_KEY_UIApplicationSupportsIndirectInputEvents = YES;
				INFOPLIST_KEY_UILaunchScreen_Generation = YES;
				INFOPLIST_KEY_UISupportedInterfaceOrientations_iPad = "UIInterfaceOrientationPortrait UIInterfaceOrientationPortraitUpsideDown UIInterfaceOrientationLandscapeLeft UIInterfaceOrientationLandscapeRight";
				INFOPLIST_KEY_UISupportedInterfaceOrientations_iPhone = "UIInterfaceOrientationPortrait UIInterfaceOrientationLandscapeLeft UIInterfaceOrientationLandscapeRight";
				LD_RUNPATH_SEARCH_PATHS = (
					"$(inherited)",
					"@executable_path/Frameworks",
				);
				MARKETING_VERSION = 1.0;
				PRODUCT_BUNDLE_IDENTIFIER = com.ricardo.BookWorms;
				PRODUCT_NAME = "$(TARGET_NAME)";
				SWIFT_EMIT_LOC_STRINGS = YES;
				SWIFT_VERSION = 5.0;
				TARGETED_DEVICE_FAMILY = "1,2";
			};
			name = Debug;
		};
		8CCB08C52BA3A49F00A7921B /* Release */ = {
			isa = XCBuildConfiguration;
			buildSettings = {
				ASSETCATALOG_COMPILER_APPICON_NAME = AppIcon;
				ASSETCATALOG_COMPILER_GLOBAL_ACCENT_COLOR_NAME = AccentColor;
				CODE_SIGN_STYLE = Automatic;
				CURRENT_PROJECT_VERSION = 1;
				DEVELOPMENT_ASSET_PATHS = "\"BookWorms/Preview Content\"";
				DEVELOPMENT_TEAM = 8PKHC34MY2;
				ENABLE_PREVIEWS = YES;
				GENERATE_INFOPLIST_FILE = YES;
				INFOPLIST_KEY_UIApplicationSceneManifest_Generation = YES;
				INFOPLIST_KEY_UIApplicationSupportsIndirectInputEvents = YES;
				INFOPLIST_KEY_UILaunchScreen_Generation = YES;
				INFOPLIST_KEY_UISupportedInterfaceOrientations_iPad = "UIInterfaceOrientationPortrait UIInterfaceOrientationPortraitUpsideDown UIInterfaceOrientationLandscapeLeft UIInterfaceOrientationLandscapeRight";
				INFOPLIST_KEY_UISupportedInterfaceOrientations_iPhone = "UIInterfaceOrientationPortrait UIInterfaceOrientationLandscapeLeft UIInterfaceOrientationLandscapeRight";
				LD_RUNPATH_SEARCH_PATHS = (
					"$(inherited)",
					"@executable_path/Frameworks",
				);
				MARKETING_VERSION = 1.0;
				PRODUCT_BUNDLE_IDENTIFIER = com.ricardo.BookWorms;
				PRODUCT_NAME = "$(TARGET_NAME)";
				SWIFT_EMIT_LOC_STRINGS = YES;
				SWIFT_VERSION = 5.0;
				TARGETED_DEVICE_FAMILY = "1,2";
			};
			name = Release;
		};
/* End XCBuildConfiguration section */

/* Begin XCConfigurationList section */
		8CCB08B02BA3A49C00A7921B /* Build configuration list for PBXProject "BookWorms" */ = {
			isa = XCConfigurationList;
			buildConfigurations = (
				8CCB08C12BA3A49F00A7921B /* Debug */,
				8CCB08C22BA3A49F00A7921B /* Release */,
			);
			defaultConfigurationIsVisible = 0;
			defaultConfigurationName = Release;
		};
		8CCB08C32BA3A49F00A7921B /* Build configuration list for PBXNativeTarget "BookWorms" */ = {
			isa = XCConfigurationList;
			buildConfigurations = (
				8CCB08C42BA3A49F00A7921B /* Debug */,
				8CCB08C52BA3A49F00A7921B /* Release */,
			);
			defaultConfigurationIsVisible = 0;
			defaultConfigurationName = Release;
		};
/* End XCConfigurationList section */
	};
	rootObject = 8CCB08AD2BA3A49C00A7921B /* Project object */;
}
